
Microsoft Visual Studio Solution File, Format Version 12.00
# Visual Studio Version 16
VisualStudioVersion = 16.0.32106.194
MinimumVisualStudioVersion = 10.0.40219.1
Project("{FAE04EC0-301F-11D3-BF4B-00C04F79EFBC}") = "API2", "API2\API2.csproj", "{34FCB0B7-604C-4415-930F-62D8629F8FAD}"
EndProject
Global
	GlobalSection(SolutionConfigurationPlatforms) = preSolution
		Debug|Any CPU = Debug|Any CPU
		Release|Any CPU = Release|Any CPU
	EndGlobalSection
	GlobalSection(ProjectConfigurationPlatforms) = postSolution
		{34FCB0B7-604C-4415-930F-62D8629F8FAD}.Debug|Any CPU.ActiveCfg = Debug|Any CPU
		{34FCB0B7-604C-4415-930F-62D8629F8FAD}.Debug|Any CPU.Build.0 = Debug|Any CPU
		{34FCB0B7-604C-4415-930F-62D8629F8FAD}.Release|Any CPU.ActiveCfg = Release|Any CPU
		{34FCB0B7-604C-4415-930F-62D8629F8FAD}.Release|Any CPU.Build.0 = Release|Any CPU
	EndGlobalSection
	GlobalSection(SolutionProperties) = preSolution
		HideSolutionNode = FALSE
	EndGlobalSection
	GlobalSection(ExtensibilityGlobals) = postSolution
		SolutionGuid = {27518530-8C9F-49BA-85C0-E9119E6C2C78}
	EndGlobalSection
EndGlobal
